
Microsoft Visual Studio Solution File, Format Version 12.00
# Visual Studio 15
VisualStudioVersion = 15.0.26124.0
MinimumVisualStudioVersion = 15.0.26124.0
Project("{2150E333-8FDC-42A3-9474-1A3956D46DE8}") = "src", "src", "{43F56873-650E-43FA-82D0-C0E0D149D6D9}"
EndProject
Project("{FAE04EC0-301F-11D3-BF4B-00C04F79EFBC}") = "Sddl.Parser", "src\Sddl.Parser\Sddl.Parser.csproj", "{ADC7E530-17A6-4A54-BA1C-C5DABF9EDD5C}"
EndProject
Project("{FAE04EC0-301F-11D3-BF4B-00C04F79EFBC}") = "Sddl.Parser.Console", "src\Sddl.Parser.Console\Sddl.Parser.Console.csproj", "{6627A46F-4B04-4604-9EAC-576F377A296E}"
EndProject
Project("{2150E333-8FDC-42A3-9474-1A3956D46DE8}") = "test", "test", "{7900686E-5D6A-4677-B557-8D630874751C}"
EndProject
Project("{FAE04EC0-301F-11D3-BF4B-00C04F79EFBC}") = "Sddl.Parser.Tests", "test\Sddl.Parser.Tests\Sddl.Parser.Tests.csproj", "{A4327EEB-A190-447C-931C-8F489AF5254F}"
EndProject
Global
	GlobalSection(SolutionConfigurationPlatforms) = preSolution
		Debug|Any CPU = Debug|Any CPU
		Debug|x64 = Debug|x64
		Debug|x86 = Debug|x86
		Release|Any CPU = Release|Any CPU
		Release|x64 = Release|x64
		Release|x86 = Release|x86
	EndGlobalSection
	GlobalSection(SolutionProperties) = preSolution
		HideSolutionNode = FALSE
	EndGlobalSection
	GlobalSection(ProjectConfigurationPlatforms) = postSolution
		{ADC7E530-17A6-4A54-BA1C-C5DABF9EDD5C}.Debug|Any CPU.ActiveCfg = Debug|Any CPU
		{ADC7E530-17A6-4A54-BA1C-C5DABF9EDD5C}.Debug|Any CPU.Build.0 = Debug|Any CPU
		{ADC7E530-17A6-4A54-BA1C-C5DABF9EDD5C}.Debug|x64.ActiveCfg = Debug|Any CPU
		{ADC7E530-17A6-4A54-BA1C-C5DABF9EDD5C}.Debug|x64.Build.0 = Debug|Any CPU
		{ADC7E530-17A6-4A54-BA1C-C5DABF9EDD5C}.Debug|x86.ActiveCfg = Debug|Any CPU
		{ADC7E530-17A6-4A54-BA1C-C5DABF9EDD5C}.Debug|x86.Build.0 = Debug|Any CPU
		{ADC7E530-17A6-4A54-BA1C-C5DABF9EDD5C}.Release|Any CPU.ActiveCfg = Release|Any CPU
		{ADC7E530-17A6-4A54-BA1C-C5DABF9EDD5C}.Release|Any CPU.Build.0 = Release|Any CPU
		{ADC7E530-17A6-4A54-BA1C-C5DABF9EDD5C}.Release|x64.ActiveCfg = Release|Any CPU
		{ADC7E530-17A6-4A54-BA1C-C5DABF9EDD5C}.Release|x64.Build.0 = Release|Any CPU
		{ADC7E530-17A6-4A54-BA1C-C5DABF9EDD5C}.Release|x86.ActiveCfg = Release|Any CPU
		{ADC7E530-17A6-4A54-BA1C-C5DABF9EDD5C}.Release|x86.Build.0 = Release|Any CPU
		{6627A46F-4B04-4604-9EAC-576F377A296E}.Debug|Any CPU.ActiveCfg = Debug|Any CPU
		{6627A46F-4B04-4604-9EAC-576F377A296E}.Debug|Any CPU.Build.0 = Debug|Any CPU
		{6627A46F-4B04-4604-9EAC-576F377A296E}.Debug|x64.ActiveCfg = Debug|Any CPU
		{6627A46F-4B04-4604-9EAC-576F377A296E}.Debug|x64.Build.0 = Debug|Any CPU
		{6627A46F-4B04-4604-9EAC-576F377A296E}.Debug|x86.ActiveCfg = Debug|Any CPU
		{6627A46F-4B04-4604-9EAC-576F377A296E}.Debug|x86.Build.0 = Debug|Any CPU
		{6627A46F-4B04-4604-9EAC-576F377A296E}.Release|Any CPU.ActiveCfg = Release|Any CPU
		{6627A46F-4B04-4604-9EAC-576F377A296E}.Release|Any CPU.Build.0 = Release|Any CPU
		{6627A46F-4B04-4604-9EAC-576F377A296E}.Release|x64.ActiveCfg = Release|Any CPU
		{6627A46F-4B04-4604-9EAC-576F377A296E}.Release|x64.Build.0 = Release|Any CPU
		{6627A46F-4B04-4604-9EAC-576F377A296E}.Release|x86.ActiveCfg = Release|Any CPU
		{6627A46F-4B04-4604-9EAC-576F377A296E}.Release|x86.Build.0 = Release|Any CPU
		{A4327EEB-A190-447C-931C-8F489AF5254F}.Debug|Any CPU.ActiveCfg = Debug|Any CPU
		{A4327EEB-A190-447C-931C-8F489AF5254F}.Debug|Any CPU.Build.0 = Debug|Any CPU
		{A4327EEB-A190-447C-931C-8F489AF5254F}.Debug|x64.ActiveCfg = Debug|Any CPU
		{A4327EEB-A190-447C-931C-8F489AF5254F}.Debug|x64.Build.0 = Debug|Any CPU
		{A4327EEB-A190-447C-931C-8F489AF5254F}.Debug|x86.ActiveCfg = Debug|Any CPU
		{A4327EEB-A190-447C-931C-8F489AF5254F}.Debug|x86.Build.0 = Debug|Any CPU
		{A4327EEB-A190-447C-931C-8F489AF5254F}.Release|Any CPU.ActiveCfg = Release|Any CPU
		{A4327EEB-A190-447C-931C-8F489AF5254F}.Release|Any CPU.Build.0 = Release|Any CPU
		{A4327EEB-A190-447C-931C-8F489AF5254F}.Release|x64.ActiveCfg = Release|Any CPU
		{A4327EEB-A190-447C-931C-8F489AF5254F}.Release|x64.Build.0 = Release|Any CPU
		{A4327EEB-A190-447C-931C-8F489AF5254F}.Release|x86.ActiveCfg = Release|Any CPU
		{A4327EEB-A190-447C-931C-8F489AF5254F}.Release|x86.Build.0 = Release|Any CPU
	EndGlobalSection
	GlobalSection(NestedProjects) = preSolution
		{ADC7E530-17A6-4A54-BA1C-C5DABF9EDD5C} = {43F56873-650E-43FA-82D0-C0E0D149D6D9}
		{6627A46F-4B04-4604-9EAC-576F377A296E} = {43F56873-650E-43FA-82D0-C0E0D149D6D9}
		{A4327EEB-A190-447C-931C-8F489AF5254F} = {7900686E-5D6A-4677-B557-8D630874751C}
	EndGlobalSection
EndGlobal
